github.com/go-chi/chi/v5 v5.0.8 h1:lD+NLqFcAi1ovnVZpsnObHGW4xb4J8lNmoYVfECH1Y0=
github.com/go-chi/chi/v5 v5.0.8/go.mod h1:DslCQbL2OYiznFReuXYUmQ2hGd1aDpCnlMNITLSKoi8=
github.com/mattmeyers/assert v0.2.0 h1:11l5I8oT2CykOdvKnC1VuZ2A1M1t4OSJmj/5xtxqlN8=
github.com/mattmeyers/level v0.2.0 h1:WoRDRetHwYQMKjlryxTYGBW64jbdIhEY2C1v7uVMDsY=
github.com/mattmeyers/level v0.2.0/go.mod h1:otFs6PrTh8FZKN2VKi6YsiPpoZfxgT4WFx4mfqp/e04=
